
Microsoft Visual Studio Solution File, Format Version 12.00
# Visual Studio Version 16
VisualStudioVersion = 16.0.35130.168
MinimumVisualStudioVersion = 10.0.40219.1
Project("{FAE04EC0-301F-11D3-BF4B-00C04F79EFBC}") = "MainWindow", "MainWindow\MainWindow.csproj", "{40F8FC84-65A9-4C81-B037-DF07206CCC05}"
EndProject
Project("{FAE04EC0-301F-11D3-BF4B-00C04F79EFBC}") = "FileIOClassLibrary", "FileIOClassLibrary\FileIOClassLibrary.csproj", "{72ABF659-2562-4E19-8243-8A7AE73184B0}"
EndProject
Global
	GlobalSection(SolutionConfigurationPlatforms) = preSolution
		Debug|Any CPU = Debug|Any CPU
		Release|Any CPU = Release|Any CPU
	EndGlobalSection
	GlobalSection(ProjectConfigurationPlatforms) = postSolution
		{40F8FC84-65A9-4C81-B037-DF07206CCC05}.Debug|Any CPU.ActiveCfg = Debug|Any CPU
		{40F8FC84-65A9-4C81-B037-DF07206CCC05}.Debug|Any CPU.Build.0 = Debug|Any CPU
		{40F8FC84-65A9-4C81-B037-DF07206CCC05}.Release|Any CPU.ActiveCfg = Release|Any CPU
		{40F8FC84-65A9-4C81-B037-DF07206CCC05}.Release|Any CPU.Build.0 = Release|Any CPU
		{72ABF659-2562-4E19-8243-8A7AE73184B0}.Debug|Any CPU.ActiveCfg = Debug|Any CPU
		{72ABF659-2562-4E19-8243-8A7AE73184B0}.Debug|Any CPU.Build.0 = Debug|Any CPU
		{72ABF659-2562-4E19-8243-8A7AE73184B0}.Release|Any CPU.ActiveCfg = Release|Any CPU
		{72ABF659-2562-4E19-8243-8A7AE73184B0}.Release|Any CPU.Build.0 = Release|Any CPU
	EndGlobalSection
	GlobalSection(SolutionProperties) = preSolution
		HideSolutionNode = FALSE
	EndGlobalSection
	GlobalSection(ExtensibilityGlobals) = postSolution
		SolutionGuid = {54B7175E-4231-474B-BECC-B4357246FDA6}
	EndGlobalSection
EndGlobal
